
Microsoft Visual Studio Solution File, Format Version 12.00
# Visual Studio 15
VisualStudioVersion = 15.0.27703.2035
MinimumVisualStudioVersion = 10.0.40219.1
Project("{FAE04EC0-301F-11D3-BF4B-00C04F79EFBC}") = "MarsRoverApp", "MarsRoverApp\MarsRoverApp.csproj", "{B7E51651-F0E3-4D9C-A8CD-C74BE3A7682C}"
EndProject
Global
	GlobalSection(SolutionConfigurationPlatforms) = preSolution
		Debug|Any CPU = Debug|Any CPU
		Release|Any CPU = Release|Any CPU
	EndGlobalSection
	GlobalSection(ProjectConfigurationPlatforms) = postSolution
		{B7E51651-F0E3-4D9C-A8CD-C74BE3A7682C}.Debug|Any CPU.ActiveCfg = Debug|Any CPU
		{B7E51651-F0E3-4D9C-A8CD-C74BE3A7682C}.Debug|Any CPU.Build.0 = Debug|Any CPU
		{B7E51651-F0E3-4D9C-A8CD-C74BE3A7682C}.Release|Any CPU.ActiveCfg = Release|Any CPU
		{B7E51651-F0E3-4D9C-A8CD-C74BE3A7682C}.Release|Any CPU.Build.0 = Release|Any CPU
	EndGlobalSection
	GlobalSection(SolutionProperties) = preSolution
		HideSolutionNode = FALSE
	EndGlobalSection
	GlobalSection(ExtensibilityGlobals) = postSolution
		SolutionGuid = {3C72760F-3172-4526-A4F2-D42F42DAB6EB}
	EndGlobalSection
EndGlobal
